// !$*UTF8*$!
{
	archiveVersion = 1;
	classes = {
	};
	objectVersion = 56;
	objects = {

/* Begin PBXBuildFile section */
		263ED72F2BE9455100D949D7 /* Hello_WorldApp.swift in Sources */ = {isa = PBXBuildFile; fileRef = 263ED72E2BE9455100D949D7 /* Hello_WorldApp.swift */; };
		263ED7312BE9455100D949D7 /* ContentView.swift in Sources */ = {isa = PBXBuildFile; fileRef = 263ED7302BE9455100D949D7 /* ContentView.swift */; };
		263ED7332BE9455300D949D7 /* Assets.xcassets in Resources */ = {isa = PBXBuildFile; fileRef = 263ED7322BE9455300D949D7 /* Assets.xcassets */; };
		263ED7362BE9455300D949D7 /* Preview Assets.xcassets in Resources */ = {isa = PBXBuildFile; fileRef = 263ED7352BE9455300D949D7 /* Preview Assets.xcassets */; };
		263ED7402BE9455300D949D7 /* Hello_WorldTests.swift in Sources */ = {isa = PBXBuildFile; fileRef = 263ED73F2BE9455300D949D7 /* Hello_WorldTests.swift */; };
		263ED74A2BE9455400D949D7 /* Hello_WorldUITests.swift in Sources */ = {isa = PBXBuildFile; fileRef = 263ED7492BE9455400D949D7 /* Hello_WorldUITests.swift */; };
		263ED74C2BE9455400D949D7 /* Hello_WorldUITestsLaunchTests.swift in Sources */ = {isa = PBXBuildFile; fileRef = 263ED74B2BE9455400D949D7 /* Hello_WorldUITestsLaunchTests.swift */; };
		2688B0572BEC5FDA00D65ABF /* GuruUITests.swift in Sources */ = {isa = PBXBuildFile; fileRef = 2688B0562BEC5FDA00D65ABF /* GuruUITests.swift */; };
		2688B0592BEC5FDA00D65ABF /* GuruUITestsLaunchTests.swift in Sources */ = {isa = PBXBuildFile; fileRef = 2688B0582BEC5FDA00D65ABF /* GuruUITestsLaunchTests.swift */; };
/* End PBXBuildFile section */

/* Begin PBXContainerItemProxy section */
		263ED73C2BE9455300D949D7 /* PBXContainerItemProxy */ = {
			isa = PBXContainerItemProxy;
			containerPortal = 263ED7232BE9455000D949D7 /* Project object */;
			proxyType = 1;
			remoteGlobalIDString = 263ED72A2BE9455000D949D7;
			remoteInfo = "Hello World";
		};
		263ED7462BE9455400D949D7 /* PBXContainerItemProxy */ = {
			isa = PBXContainerItemProxy;
			containerPortal = 263ED7232BE9455000D949D7 /* Project object */;
			proxyType = 1;
			remoteGlobalIDString = 263ED72A2BE9455000D949D7;
			remoteInfo = "Hello World";
		};
		2688B05A2BEC5FDA00D65ABF /* PBXContainerItemProxy */ = {
			isa = PBXContainerItemProxy;
			containerPortal = 263ED7232BE9455000D949D7 /* Project object */;
			proxyType = 1;
			remoteGlobalIDString = 263ED72A2BE9455000D949D7;
			remoteInfo = "Hello World";
		};
/* End PBXContainerItemProxy section */

/* Begin PBXFileReference section */
		263ED72B2BE9455000D949D7 /* Hello World.app */ = {isa = PBXFileReference; explicitFileType = wrapper.application; includeInIndex = 0; path = "Hello World.app"; sourceTree = BUILT_PRODUCTS_DIR; };
		263ED72E2BE9455100D949D7 /* Hello_WorldApp.swift */ = {isa = PBXFileReference; lastKnownFileType = sourcecode.swift; path = Hello_WorldApp.swift; sourceTree = "<group>"; };
		263ED7302BE9455100D949D7 /* ContentView.swift */ = {isa = PBXFileReference; lastKnownFileType = sourcecode.swift; path = ContentView.swift; sourceTree = "<group>"; };
		263ED7322BE9455300D949D7 /* Assets.xcassets */ = {isa = PBXFileReference; lastKnownFileType = folder.assetcatalog; path = Assets.xcassets; sourceTree = "<group>"; };
		263ED7352BE9455300D949D7 /* Preview Assets.xcassets */ = {isa = PBXFileReference; lastKnownFileType = folder.assetcatalog; path = "Preview Assets.xcassets"; sourceTree = "<group>"; };
		263ED73B2BE9455300D949D7 /* Hello WorldTests.xctest */ = {isa = PBXFileReference; explicitFileType = wrapper.cfbundle; includeInIndex = 0; path = "Hello WorldTests.xctest"; sourceTree = BUILT_PRODUCTS_DIR; };
		263ED73F2BE9455300D949D7 /* Hello_WorldTests.swift */ = {isa = PBXFileReference; lastKnownFileType = sourcecode.swift; path = Hello_WorldTests.swift; sourceTree = "<group>"; };
		263ED7452BE9455300D949D7 /* Hello WorldUITests.xctest */ = {isa = PBXFileReference; explicitFileType = wrapper.cfbundle; includeInIndex = 0; path = "Hello WorldUITests.xctest"; sourceTree = BUILT_PRODUCTS_DIR; };
		263ED7492BE9455400D949D7 /* Hello_WorldUITests.swift */ = {isa = PBXFileReference; lastKnownFileType = sourcecode.swift; path = Hello_WorldUITests.swift; sourceTree = "<group>"; };
		263ED74B2BE9455400D949D7 /* Hello_WorldUITestsLaunchTests.swift */ = {isa = PBXFileReference; lastKnownFileType = sourcecode.swift; path = Hello_WorldUITestsLaunchTests.swift; sourceTree = "<group>"; };
		2688B0542BEC5FDA00D65ABF /* GuruUITests.xctest */ = {isa = PBXFileReference; explicitFileType = wrapper.cfbundle; includeInIndex = 0; path = GuruUITests.xctest; sourceTree = BUILT_PRODUCTS_DIR; };
		2688B0562BEC5FDA00D65ABF /* GuruUITests.swift */ = {isa = PBXFileReference; lastKnownFileType = sourcecode.swift; path = GuruUITests.swift; sourceTree = "<group>"; };
		2688B0582BEC5FDA00D65ABF /* GuruUITestsLaunchTests.swift */ = {isa = PBXFileReference; lastKnownFileType = sourcecode.swift; path = GuruUITestsLaunchTests.swift; sourceTree = "<group>"; };
/* End PBXFileReference section */

/* Begin PBXFrameworksBuildPhase section */
		263ED7282BE9455000D949D7 /* Frameworks */ = {
			isa = PBXFrameworksBuildPhase;
			buildActionMask = 2147483647;
			files = (
			);
			runOnlyForDeploymentPostprocessing = 0;
		};
		263ED7382BE9455300D949D7 /* Frameworks */ = {
			isa = PBXFrameworksBuildPhase;
			buildActionMask = 2147483647;
			files = (
			);
			runOnlyForDeploymentPostprocessing = 0;
		};
		263ED7422BE9455300D949D7 /* Frameworks */ = {
			isa = PBXFrameworksBuildPhase;
			buildActionMask = 2147483647;
			files = (
			);
			runOnlyForDeploymentPostprocessing = 0;
		};
		2688B0512BEC5FDA00D65ABF /* Frameworks */ = {
			isa = PBXFrameworksBuildPhase;
			buildActionMask = 2147483647;
			files = (
			);
			runOnlyForDeploymentPostprocessing = 0;
		};
/* End PBXFrameworksBuildPhase section */

/* Begin PBXGroup section */
		263ED7222BE9455000D949D7 = {
			isa = PBXGroup;
			children = (
				263ED72D2BE9455100D949D7 /* Hello World */,
				263ED73E2BE9455300D949D7 /* Hello WorldTests */,
				263ED7482BE9455400D949D7 /* Hello WorldUITests */,
				2688B0552BEC5FDA00D65ABF /* GuruUITests */,
				263ED72C2BE9455000D949D7 /* Products */,
			);
			sourceTree = "<group>";
		};
		263ED72C2BE9455000D949D7 /* Products */ = {
			isa = PBXGroup;
			children = (
				263ED72B2BE9455000D949D7 /* Hello World.app */,
				263ED73B2BE9455300D949D7 /* Hello WorldTests.xctest */,
				263ED7452BE9455300D949D7 /* Hello WorldUITests.xctest */,
				2688B0542BEC5FDA00D65ABF /* GuruUITests.xctest */,
			);
			name = Products;
			sourceTree = "<group>";
		};
		263ED72D2BE9455100D949D7 /* Hello World */ = {
			isa = PBXGroup;
			children = (
				263ED72E2BE9455100D949D7 /* Hello_WorldApp.swift */,
				263ED7302BE9455100D949D7 /* ContentView.swift */,
				263ED7322BE9455300D949D7 /* Assets.xcassets */,
				263ED7342BE9455300D949D7 /* Preview Content */,
			);
			path = "Hello World";
			sourceTree = "<group>";
		};
		263ED7342BE9455300D949D7 /* Preview Content */ = {
			isa = PBXGroup;
			children = (
				263ED7352BE9455300D949D7 /* Preview Assets.xcassets */,
			);
			path = "Preview Content";
			sourceTree = "<group>";
		};
		263ED73E2BE9455300D949D7 /* Hello WorldTests */ = {
			isa = PBXGroup;
			children = (
				263ED73F2BE9455300D949D7 /* Hello_WorldTests.swift */,
			);
			path = "Hello WorldTests";
			sourceTree = "<group>";
		};
		263ED7482BE9455400D949D7 /* Hello WorldUITests */ = {
			isa = PBXGroup;
			children = (
				263ED7492BE9455400D949D7 /* Hello_WorldUITests.swift */,
				263ED74B2BE9455400D949D7 /* Hello_WorldUITestsLaunchTests.swift */,
			);
			path = "Hello WorldUITests";
			sourceTree = "<group>";
		};
		2688B0552BEC5FDA00D65ABF /* GuruUITests */ = {
			isa = PBXGroup;
			children = (
				2688B0562BEC5FDA00D65ABF /* GuruUITests.swift */,
				2688B0582BEC5FDA00D65ABF /* GuruUITestsLaunchTests.swift */,
			);
			path = GuruUITests;
			sourceTree = "<group>";
		};
/* End PBXGroup section */

/* Begin PBXNativeTarget section */
		263ED72A2BE9455000D949D7 /* Hello World */ = {
			isa = PBXNativeTarget;
			buildConfigurationList = 263ED74F2BE9455400D949D7 /* Build configuration list for PBXNativeTarget "Hello World" */;
			buildPhases = (
				263ED7272BE9455000D949D7 /* Sources */,
				263ED7282BE9455000D949D7 /* Frameworks */,
				263ED7292BE9455000D949D7 /* Resources */,
			);
			buildRules = (
			);
			dependencies = (
			);
			name = "Hello World";
			productName = "Hello World";
			productReference = 263ED72B2BE9455000D949D7 /* Hello World.app */;
			productType = "com.apple.product-type.application";
		};
		263ED73A2BE9455300D949D7 /* Hello WorldTests */ = {
			isa = PBXNativeTarget;
			buildConfigurationList = 263ED7522BE9455400D949D7 /* Build configuration list for PBXNativeTarget "Hello WorldTests" */;
			buildPhases = (
				263ED7372BE9455300D949D7 /* Sources */,
				263ED7382BE9455300D949D7 /* Frameworks */,
				263ED7392BE9455300D949D7 /* Resources */,
			);
			buildRules = (
			);
			dependencies = (
				263ED73D2BE9455300D949D7 /* PBXTargetDependency */,
			);
			name = "Hello WorldTests";
			productName = "Hello WorldTests";
			productReference = 263ED73B2BE9455300D949D7 /* Hello WorldTests.xctest */;
			productType = "com.apple.product-type.bundle.unit-test";
		};
		263ED7442BE9455300D949D7 /* Hello WorldUITests */ = {
			isa = PBXNativeTarget;
			buildConfigurationList = 263ED7552BE9455400D949D7 /* Build configuration list for PBXNativeTarget "Hello WorldUITests" */;
			buildPhases = (
				263ED7412BE9455300D949D7 /* Sources */,
				263ED7422BE9455300D949D7 /* Frameworks */,
				263ED7432BE9455300D949D7 /* Resources */,
			);
			buildRules = (
			);
			dependencies = (
				263ED7472BE9455400D949D7 /* PBXTargetDependency */,
			);
			name = "Hello WorldUITests";
			productName = "Hello WorldUITests";
			productReference = 263ED7452BE9455300D949D7 /* Hello WorldUITests.xctest */;
			productType = "com.apple.product-type.bundle.ui-testing";
		};
		2688B0532BEC5FDA00D65ABF /* GuruUITests */ = {
			isa = PBXNativeTarget;
			buildConfigurationList = 2688B05E2BEC5FDA00D65ABF /* Build configuration list for PBXNativeTarget "GuruUITests" */;
			buildPhases = (
				2688B0502BEC5FDA00D65ABF /* Sources */,
				2688B0512BEC5FDA00D65ABF /* Frameworks */,
				2688B0522BEC5FDA00D65ABF /* Resources */,
			);
			buildRules = (
			);
			dependencies = (
				2688B05B2BEC5FDA00D65ABF /* PBXTargetDependency */,
			);
			name = GuruUITests;
			productName = GuruUITests;
			productReference = 2688B0542BEC5FDA00D65ABF /* GuruUITests.xctest */;
			productType = "com.apple.product-type.bundle.ui-testing";
		};
/* End PBXNativeTarget section */

/* Begin PBXProject section */
		263ED7232BE9455000D949D7 /* Project object */ = {
			isa = PBXProject;
			attributes = {
				BuildIndependentTargetsInParallel = 1;
				LastSwiftUpdateCheck = 1530;
				LastUpgradeCheck = 1530;
				TargetAttributes = {
					263ED72A2BE9455000D949D7 = {
						CreatedOnToolsVersion = 15.3;
					};
					263ED73A2BE9455300D949D7 = {
						CreatedOnToolsVersion = 15.3;
						TestTargetID = 263ED72A2BE9455000D949D7;
					};
					263ED7442BE9455300D949D7 = {
						CreatedOnToolsVersion = 15.3;
						TestTargetID = 263ED72A2BE9455000D949D7;
					};
					2688B0532BEC5FDA00D65ABF = {
						CreatedOnToolsVersion = 15.3;
						TestTargetID = 263ED72A2BE9455000D949D7;
					};
				};
			};
			buildConfigurationList = 263ED7262BE9455000D949D7 /* Build configuration list for PBXProject "Hello World" */;
			compatibilityVersion = "Xcode 14.0";
			developmentRegion = en;
			hasScannedForEncodings = 0;
			knownRegions = (
				en,
				Base,
			);
			mainGroup = 263ED7222BE9455000D949D7;
			productRefGroup = 263ED72C2BE9455000D949D7 /* Products */;
			projectDirPath = "";
			projectRoot = "";
			targets = (
				263ED72A2BE9455000D949D7 /* Hello World */,
				263ED73A2BE9455300D949D7 /* Hello WorldTests */,
				263ED7442BE9455300D949D7 /* Hello WorldUITests */,
				2688B0532BEC5FDA00D65ABF /* GuruUITests */,
			);
		};
/* End PBXProject section */

/* Begin PBXResourcesBuildPhase section */
		263ED7292BE9455000D949D7 /* Resources */ = {
			isa = PBXResourcesBuildPhase;
			buildActionMask = 2147483647;
			files = (
				263ED7362BE9455300D949D7 /* Preview Assets.xcassets in Resources */,
				263ED7332BE9455300D949D7 /* Assets.xcassets in Resources */,
			);
			runOnlyForDeploymentPostprocessing = 0;
		};
		263ED7392BE9455300D949D7 /* Resources */ = {
			isa = PBXResourcesBuildPhase;
			buildActionMask = 2147483647;
			files = (
			);
			runOnlyForDeploymentPostprocessing = 0;
		};
		263ED7432BE9455300D949D7 /* Resources */ = {
			isa = PBXResourcesBuildPhase;
			buildActionMask = 2147483647;
			files = (
			);
			runOnlyForDeploymentPostprocessing = 0;
		};
		2688B0522BEC5FDA00D65ABF /* Resources */ = {
			isa = PBXResourcesBuildPhase;
			buildActionMask = 2147483647;
			files = (
			);
			runOnlyForDeploymentPostprocessing = 0;
		};
/* End PBXResourcesBuildPhase section */

/* Begin PBXSourcesBuildPhase section */
		263ED7272BE9455000D949D7 /* Sources */ = {
			isa = PBXSourcesBuildPhase;
			buildActionMask = 2147483647;
			files = (
				263ED7312BE9455100D949D7 /* ContentView.swift in Sources */,
				263ED72F2BE9455100D949D7 /* Hello_WorldApp.swift in Sources */,
			);
			runOnlyForDeploymentPostprocessing = 0;
		};
		263ED7372BE9455300D949D7 /* Sources */ = {
			isa = PBXSourcesBuildPhase;
			buildActionMask = 2147483647;
			files = (
				263ED7402BE9455300D949D7 /* Hello_WorldTests.swift in Sources */,
			);
			runOnlyForDeploymentPostprocessing = 0;
		};
		263ED7412BE9455300D949D7 /* Sources */ = {
			isa = PBXSourcesBuildPhase;
			buildActionMask = 2147483647;
			files = (
				263ED74C2BE9455400D949D7 /* Hello_WorldUITestsLaunchTests.swift in Sources */,
				263ED74A2BE9455400D949D7 /* Hello_WorldUITests.swift in Sources */,
			);
			runOnlyForDeploymentPostprocessing = 0;
		};
		2688B0502BEC5FDA00D65ABF /* Sources */ = {
			isa = PBXSourcesBuildPhase;
			buildActionMask = 2147483647;
			files = (
				2688B0572BEC5FDA00D65ABF /* GuruUITests.swift in Sources */,
				2688B0592BEC5FDA00D65ABF /* GuruUITestsLaunchTests.swift in Sources */,
			);
			runOnlyForDeploymentPostprocessing = 0;
		};
/* End PBXSourcesBuildPhase section */

/* Begin PBXTargetDependency section */
		263ED73D2BE9455300D949D7 /* PBXTargetDependency */ = {
			isa = PBXTargetDependency;
			target = 263ED72A2BE9455000D949D7 /* Hello World */;
			targetProxy = 263ED73C2BE9455300D949D7 /* PBXContainerItemProxy */;
		};
		263ED7472BE9455400D949D7 /* PBXTargetDependency */ = {
			isa = PBXTargetDependency;
			target = 263ED72A2BE9455000D949D7 /* Hello World */;
			targetProxy = 263ED7462BE9455400D949D7 /* PBXContainerItemProxy */;
		};
		2688B05B2BEC5FDA00D65ABF /* PBXTargetDependency */ = {
			isa = PBXTargetDependency;
			target = 263ED72A2BE9455000D949D7 /* Hello World */;
			targetProxy = 2688B05A2BEC5FDA00D65ABF /* PBXContainerItemProxy */;
		};
/* End PBXTargetDependency section */

/* Begin XCBuildConfiguration section */
		263ED74D2BE9455400D949D7 /* Debug */ = {
			isa = XCBuildConfiguration;
			buildSettings = {
				ALWAYS_SEARCH_USER_PATHS = NO;
				ASSETCATALOG_COMPILER_GENERATE_SWIFT_ASSET_SYMBOL_EXTENSIONS = YES;
				CLANG_ANALYZER_NONNULL = YES;
				CLANG_ANALYZER_NUMBER_OBJECT_CONVERSION = YES_AGGRESSIVE;
				CLANG_CXX_LANGUAGE_STANDARD = "gnu++20";
				CLANG_ENABLE_MODULES = YES;
				CLANG_ENABLE_OBJC_ARC = YES;
				CLANG_ENABLE_OBJC_WEAK = YES;
				CLANG_WARN_BLOCK_CAPTURE_AUTORELEASING = YES;
				CLANG_WARN_BOOL_CONVERSION = YES;
				CLANG_WARN_COMMA = YES;
				CLANG_WARN_CONSTANT_CONVERSION = YES;
				CLANG_WARN_DEPRECATED_OBJC_IMPLEMENTATIONS = YES;
				CLANG_WARN_DIRECT_OBJC_ISA_USAGE = YES_ERROR;
				CLANG_WARN_DOCUMENTATION_COMMENTS = YES;
				CLANG_WARN_EMPTY_BODY = YES;
				CLANG_WARN_ENUM_CONVERSION = YES;
				CLANG_WARN_INFINITE_RECURSION = YES;
				CLANG_WARN_INT_CONVERSION = YES;
				CLANG_WARN_NON_LITERAL_NULL_CONVERSION = YES;
				CLANG_WARN_OBJC_IMPLICIT_RETAIN_SELF = YES;
				CLANG_WARN_OBJC_LITERAL_CONVERSION = YES;
				CLANG_WARN_OBJC_ROOT_CLASS = YES_ERROR;
				CLANG_WARN_QUOTED_INCLUDE_IN_FRAMEWORK_HEADER = YES;
				CLANG_WARN_RANGE_LOOP_ANALYSIS = YES;
				CLANG_WARN_STRICT_PROTOTYPES = YES;
				CLANG_WARN_SUSPICIOUS_MOVE = YES;
				CLANG_WARN_UNGUARDED_AVAILABILITY = YES_AGGRESSIVE;
				CLANG_WARN_UNREACHABLE_CODE = YES;
				CLANG_WARN__DUPLICATE_METHOD_MATCH = YES;
				COPY_PHASE_STRIP = NO;
				DEBUG_INFORMATION_FORMAT = dwarf;
				ENABLE_STRICT_OBJC_MSGSEND = YES;
				ENABLE_TESTABILITY = YES;
				ENABLE_USER_SCRIPT_SANDBOXING = YES;
				GCC_C_LANGUAGE_STANDARD = gnu17;
				GCC_DYNAMIC_NO_PIC = NO;
				GCC_NO_COMMON_BLOCKS = YES;
				GCC_OPTIMIZATION_LEVEL = 0;
				GCC_PREPROCESSOR_DEFINITIONS = (
					"DEBUG=1",
					"$(inherited)",
				);
				GCC_WARN_64_TO_32_BIT_CONVERSION = YES;
				GCC_WARN_ABOUT_RETURN_TYPE = YES_ERROR;
				GCC_WARN_UNDECLARED_SELECTOR = YES;
				GCC_WARN_UNINITIALIZED_AUTOS = YES_AGGRESSIVE;
				GCC_WARN_UNUSED_FUNCTION = YES;
				GCC_WARN_UNUSED_VARIABLE = YES;
				IPHONEOS_DEPLOYMENT_TARGET = 17.4;
				LOCALIZATION_PREFERS_STRING_CATALOGS = YES;
				MTL_ENABLE_DEBUG_INFO = INCLUDE_SOURCE;
				MTL_FAST_MATH = YES;
				ONLY_ACTIVE_ARCH = YES;
				SDKROOT = iphoneos;
				SWIFT_ACTIVE_COMPILATION_CONDITIONS = "DEBUG $(inherited)";
				SWIFT_OPTIMIZATION_LEVEL = "-Onone";
			};
			name = Debug;
		};
		263ED74E2BE9455400D949D7 /* Release */ = {
			isa = XCBuildConfiguration;
			buildSettings = {
				ALWAYS_SEARCH_USER_PATHS = NO;
				ASSETCATALOG_COMPILER_GENERATE_SWIFT_ASSET_SYMBOL_EXTENSIONS = YES;
				CLANG_ANALYZER_NONNULL = YES;
				CLANG_ANALYZER_NUMBER_OBJECT_CONVERSION = YES_AGGRESSIVE;
				CLANG_CXX_LANGUAGE_STANDARD = "gnu++20";
				CLANG_ENABLE_MODULES = YES;
				CLANG_ENABLE_OBJC_ARC = YES;
				CLANG_ENABLE_OBJC_WEAK = YES;
				CLANG_WARN_BLOCK_CAPTURE_AUTORELEASING = YES;
				CLANG_WARN_BOOL_CONVERSION = YES;
				CLANG_WARN_COMMA = YES;
				CLANG_WARN_CONSTANT_CONVERSION = YES;
				CLANG_WARN_DEPRECATED_OBJC_IMPLEMENTATIONS = YES;
				CLANG_WARN_DIRECT_OBJC_ISA_USAGE = YES_ERROR;
				CLANG_WARN_DOCUMENTATION_COMMENTS = YES;
				CLANG_WARN_EMPTY_BODY = YES;
				CLANG_WARN_ENUM_CONVERSION = YES;
				CLANG_WARN_INFINITE_RECURSION = YES;
				CLANG_WARN_INT_CONVERSION = YES;
				CLANG_WARN_NON_LITERAL_NULL_CONVERSION = YES;
				CLANG_WARN_OBJC_IMPLICIT_RETAIN_SELF = YES;
				CLANG_WARN_OBJC_LITERAL_CONVERSION = YES;
				CLANG_WARN_OBJC_ROOT_CLASS = YES_ERROR;
				CLANG_WARN_QUOTED_INCLUDE_IN_FRAMEWORK_HEADER = YES;
				CLANG_WARN_RANGE_LOOP_ANALYSIS = YES;
				CLANG_WARN_STRICT_PROTOTYPES = YES;
				CLANG_WARN_SUSPICIOUS_MOVE = YES;
				CLANG_WARN_UNGUARDED_AVAILABILITY = YES_AGGRESSIVE;
				CLANG_WARN_UNREACHABLE_CODE = YES;
				CLANG_WARN__DUPLICATE_METHOD_MATCH = YES;
				COPY_PHASE_STRIP = NO;
				DEBUG_INFORMATION_FORMAT = "dwarf-with-dsym";
				ENABLE_NS_ASSERTIONS = NO;
				ENABLE_STRICT_OBJC_MSGSEND = YES;
				ENABLE_USER_SCRIPT_SANDBOXING = YES;
				GCC_C_LANGUAGE_STANDARD = gnu17;
				GCC_NO_COMMON_BLOCKS = YES;
				GCC_WARN_64_TO_32_BIT_CONVERSION = YES;
				GCC_WARN_ABOUT_RETURN_TYPE = YES_ERROR;
				GCC_WARN_UNDECLARED_SELECTOR = YES;
				GCC_WARN_UNINITIALIZED_AUTOS = YES_AGGRESSIVE;
				GCC_WARN_UNUSED_FUNCTION = YES;
				GCC_WARN_UNUSED_VARIABLE = YES;
				IPHONEOS_DEPLOYMENT_TARGET = 17.4;
				LOCALIZATION_PREFERS_STRING_CATALOGS = YES;
				MTL_ENABLE_DEBUG_INFO = NO;
				MTL_FAST_MATH = YES;
				SDKROOT = iphoneos;
				SWIFT_COMPILATION_MODE = wholemodule;
				VALIDATE_PRODUCT = YES;
			};
			name = Release;
		};
		263ED7502BE9455400D949D7 /* Debug */ = {
			isa = XCBuildConfiguration;
			buildSettings = {
				ASSETCATALOG_COMPILER_APPICON_NAME = AppIcon;
				ASSETCATALOG_COMPILER_GLOBAL_ACCENT_COLOR_NAME = AccentColor;
				CODE_SIGN_STYLE = Automatic;
				CURRENT_PROJECT_VERSION = 1;
				DEVELOPMENT_ASSET_PATHS = "\"Hello World/Preview Content\"";
				DEVELOPMENT_TEAM = T984QKAC4M;
				ENABLE_PREVIEWS = YES;
				GENERATE_INFOPLIST_FILE = YES;
				INFOPLIST_KEY_UIApplicationSceneManifest_Generation = YES;
				INFOPLIST_KEY_UIApplicationSupportsIndirectInputEvents = YES;
				INFOPLIST_KEY_UILaunchScreen_Generation = YES;
				INFOPLIST_KEY_UISupportedInterfaceOrientations_iPad = "UIInterfaceOrientationPortrait UIInterfaceOrientationPortraitUpsideDown UIInterfaceOrientationLandscapeLeft UIInterfaceOrientationLandscapeRight";
				INFOPLIST_KEY_UISupportedInterfaceOrientations_iPhone = "UIInterfaceOrientationPortrait UIInterfaceOrientationLandscapeLeft UIInterfaceOrientationLandscapeRight";
				LD_RUNPATH_SEARCH_PATHS = (
					"$(inherited)",
					"@executable_path/Frameworks",
				);
				MARKETING_VERSION = 1.0;
				PRODUCT_BUNDLE_IDENTIFIER = "alexeymelnik.Hello-World";
				PRODUCT_NAME = "$(TARGET_NAME)";
				SWIFT_EMIT_LOC_STRINGS = YES;
				SWIFT_VERSION = 5.0;
				TARGETED_DEVICE_FAMILY = "1,2";
			};
			name = Debug;
		};
		263ED7512BE9455400D949D7 /* Release */ = {
			isa = XCBuildConfiguration;
			buildSettings = {
				ASSETCATALOG_COMPILER_APPICON_NAME = AppIcon;
				ASSETCATALOG_COMPILER_GLOBAL_ACCENT_COLOR_NAME = AccentColor;
				CODE_SIGN_STYLE = Automatic;
				CURRENT_PROJECT_VERSION = 1;
				DEVELOPMENT_ASSET_PATHS = "\"Hello World/Preview Content\"";
				DEVELOPMENT_TEAM = T984QKAC4M;
				ENABLE_PREVIEWS = YES;
				GENERATE_INFOPLIST_FILE = YES;
				INFOPLIST_KEY_UIApplicationSceneManifest_Generation = YES;
				INFOPLIST_KEY_UIApplicationSupportsIndirectInputEvents = YES;
				INFOPLIST_KEY_UILaunchScreen_Generation = YES;
				INFOPLIST_KEY_UISupportedInterfaceOrientations_iPad = "UIInterfaceOrientationPortrait UIInterfaceOrientationPortraitUpsideDown UIInterfaceOrientationLandscapeLeft UIInterfaceOrientationLandscapeRight";
				INFOPLIST_KEY_UISupportedInterfaceOrientations_iPhone = "UIInterfaceOrientationPortrait UIInterfaceOrientationLandscapeLeft UIInterfaceOrientationLandscapeRight";
				LD_RUNPATH_SEARCH_PATHS = (
					"$(inherited)",
					"@executable_path/Frameworks",
				);
				MARKETING_VERSION = 1.0;
				PRODUCT_BUNDLE_IDENTIFIER = "alexeymelnik.Hello-World";
				PRODUCT_NAME = "$(TARGET_NAME)";
				SWIFT_EMIT_LOC_STRINGS = YES;
				SWIFT_VERSION = 5.0;
				TARGETED_DEVICE_FAMILY = "1,2";
			};
			name = Release;
		};
		263ED7532BE9455400D949D7 /* Debug */ = {
			isa = XCBuildConfiguration;
			buildSettings = {
				ALWAYS_EMBED_SWIFT_STANDARD_LIBRARIES = YES;
				BUNDLE_LOADER = "$(TEST_HOST)";
				CODE_SIGN_STYLE = Automatic;
				CURRENT_PROJECT_VERSION = 1;
				DEVELOPMENT_TEAM = T984QKAC4M;
				GENERATE_INFOPLIST_FILE = YES;
				IPHONEOS_DEPLOYMENT_TARGET = 17.4;
				MARKETING_VERSION = 1.0;
				PRODUCT_BUNDLE_IDENTIFIER = "alexeymelnik.Hello-WorldTests";
				PRODUCT_NAME = "$(TARGET_NAME)";
				SWIFT_EMIT_LOC_STRINGS = NO;
				SWIFT_VERSION = 5.0;
				TARGETED_DEVICE_FAMILY = "1,2";
				TEST_HOST = "$(BUILT_PRODUCTS_DIR)/Hello World.app/$(BUNDLE_EXECUTABLE_FOLDER_PATH)/Hello World";
			};
			name = Debug;
		};
		263ED7542BE9455400D949D7 /* Release */ = {
			isa = XCBuildConfiguration;
			buildSettings = {
				ALWAYS_EMBED_SWIFT_STANDARD_LIBRARIES = YES;
				BUNDLE_LOADER = "$(TEST_HOST)";
				CODE_SIGN_STYLE = Automatic;
				CURRENT_PROJECT_VERSION = 1;
				DEVELOPMENT_TEAM = T984QKAC4M;
				GENERATE_INFOPLIST_FILE = YES;
				IPHONEOS_DEPLOYMENT_TARGET = 17.4;
				MARKETING_VERSION = 1.0;
				PRODUCT_BUNDLE_IDENTIFIER = "alexeymelnik.Hello-WorldTests";
				PRODUCT_NAME = "$(TARGET_NAME)";
				SWIFT_EMIT_LOC_STRINGS = NO;
				SWIFT_VERSION = 5.0;
				TARGETED_DEVICE_FAMILY = "1,2";
				TEST_HOST = "$(BUILT_PRODUCTS_DIR)/Hello World.app/$(BUNDLE_EXECUTABLE_FOLDER_PATH)/Hello World";
			};
			name = Release;
		};
		263ED7562BE9455400D949D7 /* Debug */ = {
			isa = XCBuildConfiguration;
			buildSettings = {
				ALWAYS_EMBED_SWIFT_STANDARD_LIBRARIES = YES;
				CODE_SIGN_STYLE = Automatic;
				CURRENT_PROJECT_VERSION = 1;
				DEVELOPMENT_TEAM = T984QKAC4M;
				GENERATE_INFOPLIST_FILE = YES;
				MARKETING_VERSION = 1.0;
				PRODUCT_BUNDLE_IDENTIFIER = "alexeymelnik.Hello-WorldUITests";
				PRODUCT_NAME = "$(TARGET_NAME)";
				SWIFT_EMIT_LOC_STRINGS = NO;
				SWIFT_VERSION = 5.0;
				TARGETED_DEVICE_FAMILY = "1,2";
				TEST_TARGET_NAME = "Hello World";
			};
			name = Debug;
		};
		263ED7572BE9455400D949D7 /* Release */ = {
			isa = XCBuildConfiguration;
			buildSettings = {
				ALWAYS_EMBED_SWIFT_STANDARD_LIBRARIES = YES;
				CODE_SIGN_STYLE = Automatic;
				CURRENT_PROJECT_VERSION = 1;
				DEVELOPMENT_TEAM = T984QKAC4M;
				GENERATE_INFOPLIST_FILE = YES;
				MARKETING_VERSION = 1.0;
				PRODUCT_BUNDLE_IDENTIFIER = "alexeymelnik.Hello-WorldUITests";
				PRODUCT_NAME = "$(TARGET_NAME)";
				SWIFT_EMIT_LOC_STRINGS = NO;
				SWIFT_VERSION = 5.0;
				TARGETED_DEVICE_FAMILY = "1,2";
				TEST_TARGET_NAME = "Hello World";
			};
			name = Release;
		};
		2688B05C2BEC5FDA00D65ABF /* Debug */ = {
			isa = XCBuildConfiguration;
			buildSettings = {
				CODE_SIGN_STYLE = Automatic;
				CURRENT_PROJECT_VERSION = 1;
				DEVELOPMENT_TEAM = T984QKAC4M;
				GENERATE_INFOPLIST_FILE = YES;
				IPHONEOS_DEPLOYMENT_TARGET = 17.0;
				MARKETING_VERSION = 1.0;
				PRODUCT_BUNDLE_IDENTIFIER = alexeymelnik.GuruUITests;
				PRODUCT_NAME = "$(TARGET_NAME)";
				SUPPORTED_PLATFORMS = "iphoneos iphonesimulator";
				SUPPORTS_MACCATALYST = NO;
				SUPPORTS_MAC_DESIGNED_FOR_IPHONE_IPAD = NO;
				SUPPORTS_XR_DESIGNED_FOR_IPHONE_IPAD = NO;
				SWIFT_EMIT_LOC_STRINGS = NO;
				SWIFT_VERSION = 5.0;
				TARGETED_DEVICE_FAMILY = 1;
				TEST_TARGET_NAME = "Hello World";
			};
			name = Debug;
		};
		2688B05D2BEC5FDA00D65ABF /* Release */ = {
			isa = XCBuildConfiguration;
			buildSettings = {
				CODE_SIGN_STYLE = Automatic;
				CURRENT_PROJECT_VERSION = 1;
				DEVELOPMENT_TEAM = T984QKAC4M;
				GENERATE_INFOPLIST_FILE = YES;
				IPHONEOS_DEPLOYMENT_TARGET = 17.0;
				MARKETING_VERSION = 1.0;
				PRODUCT_BUNDLE_IDENTIFIER = alexeymelnik.GuruUITests;
				PRODUCT_NAME = "$(TARGET_NAME)";
				SUPPORTED_PLATFORMS = "iphoneos iphonesimulator";
				SUPPORTS_MACCATALYST = NO;
				SUPPORTS_MAC_DESIGNED_FOR_IPHONE_IPAD = NO;
				SUPPORTS_XR_DESIGNED_FOR_IPHONE_IPAD = NO;
				SWIFT_EMIT_LOC_STRINGS = NO;
				SWIFT_VERSION = 5.0;
				TARGETED_DEVICE_FAMILY = 1;
				TEST_TARGET_NAME = "Hello World";
			};
			name = Release;
		};
/* End XCBuildConfiguration section */

/* Begin XCConfigurationList section */
		263ED7262BE9455000D949D7 /* Build configuration list for PBXProject "Hello World" */ = {
			isa = XCConfigurationList;
			buildConfigurations = (
				263ED74D2BE9455400D949D7 /* Debug */,
				263ED74E2BE9455400D949D7 /* Release */,
			);
			defaultConfigurationIsVisible = 0;
			defaultConfigurationName = Release;
		};
		263ED74F2BE9455400D949D7 /* Build configuration list for PBXNativeTarget "Hello World" */ = {
			isa = XCConfigurationList;
			buildConfigurations = (
				263ED7502BE9455400D949D7 /* Debug */,
				263ED7512BE9455400D949D7 /* Release */,
			);
			defaultConfigurationIsVisible = 0;
			defaultConfigurationName = Release;
		};
		263ED7522BE9455400D949D7 /* Build configuration list for PBXNativeTarget "Hello WorldTests" */ = {
			isa = XCConfigurationList;
			buildConfigurations = (
				263ED7532BE9455400D949D7 /* Debug */,
				263ED7542BE9455400D949D7 /* Release */,
			);
			defaultConfigurationIsVisible = 0;
			defaultConfigurationName = Release;
		};
		263ED7552BE9455400D949D7 /* Build configuration list for PBXNativeTarget "Hello WorldUITests" */ = {
			isa = XCConfigurationList;
			buildConfigurations = (
				263ED7562BE9455400D949D7 /* Debug */,
				263ED7572BE9455400D949D7 /* Release */,
			);
			defaultConfigurationIsVisible = 0;
			defaultConfigurationName = Release;
		};
		2688B05E2BEC5FDA00D65ABF /* Build configuration list for PBXNativeTarget "GuruUITests" */ = {
			isa = XCConfigurationList;
			buildConfigurations = (
				2688B05C2BEC5FDA00D65ABF /* Debug */,
				2688B05D2BEC5FDA00D65ABF /* Release */,
			);
			defaultConfigurationIsVisible = 0;
			defaultConfigurationName = Release;
		};
/* End XCConfigurationList section */
	};
	rootObject = 263ED7232BE9455000D949D7 /* Project object */;
}
